
Microsoft Visual Studio Solution File, Format Version 12.00
# Visual Studio Version 17
VisualStudioVersion = 17.14.36401.2 d17.14
MinimumVisualStudioVersion = 10.0.40219.1
Project("{FAE04EC0-301F-11D3-BF4B-00C04F79EFBC}") = "EAWebApp", "EAWebApp.csproj", "{FF9313E9-A720-B6F6-290C-60A48445308B}"
EndProject
Project("{FAE04EC0-301F-11D3-BF4B-00C04F79EFBC}") = "ProductAPI", "..\ProductAPI\ProductAPI.csproj", "{A09E2382-45F3-4BFD-9685-1A6A53424091}"
EndProject
Global
	GlobalSection(SolutionConfigurationPlatforms) = preSolution
		Debug|Any CPU = Debug|Any CPU
		Release|Any CPU = Release|Any CPU
	EndGlobalSection
	GlobalSection(ProjectConfigurationPlatforms) = postSolution
		{FF9313E9-A720-B6F6-290C-60A48445308B}.Debug|Any CPU.ActiveCfg = Debug|Any CPU
		{FF9313E9-A720-B6F6-290C-60A48445308B}.Debug|Any CPU.Build.0 = Debug|Any CPU
		{FF9313E9-A720-B6F6-290C-60A48445308B}.Release|Any CPU.ActiveCfg = Release|Any CPU
		{FF9313E9-A720-B6F6-290C-60A48445308B}.Release|Any CPU.Build.0 = Release|Any CPU
		{A09E2382-45F3-4BFD-9685-1A6A53424091}.Debug|Any CPU.ActiveCfg = Debug|Any CPU
		{A09E2382-45F3-4BFD-9685-1A6A53424091}.Debug|Any CPU.Build.0 = Debug|Any CPU
		{A09E2382-45F3-4BFD-9685-1A6A53424091}.Release|Any CPU.ActiveCfg = Release|Any CPU
		{A09E2382-45F3-4BFD-9685-1A6A53424091}.Release|Any CPU.Build.0 = Release|Any CPU
	EndGlobalSection
	GlobalSection(SolutionProperties) = preSolution
		HideSolutionNode = FALSE
	EndGlobalSection
	GlobalSection(ExtensibilityGlobals) = postSolution
		SolutionGuid = {471C3EEB-F697-48C2-9E6F-8E9F4E6F5C05}
	EndGlobalSection
EndGlobal
